
Microsoft Visual Studio Solution File, Format Version 12.00
# Visual Studio Version 17
VisualStudioVersion = 17.11.35327.3
MinimumVisualStudioVersion = 10.0.40219.1
Project("{FAE04EC0-301F-11D3-BF4B-00C04F79EFBC}") = "for new website", "for new website.csproj", "{4316EEE6-492E-407C-AAF2-804779D1D99E}"
EndProject
Global
	GlobalSection(SolutionConfigurationPlatforms) = preSolution
		Debug|Any CPU = Debug|Any CPU
		Release|Any CPU = Release|Any CPU
	EndGlobalSection
	GlobalSection(ProjectConfigurationPlatforms) = postSolution
		{4316EEE6-492E-407C-AAF2-804779D1D99E}.Debug|Any CPU.ActiveCfg = Debug|Any CPU
		{4316EEE6-492E-407C-AAF2-804779D1D99E}.Debug|Any CPU.Build.0 = Debug|Any CPU
		{4316EEE6-492E-407C-AAF2-804779D1D99E}.Release|Any CPU.ActiveCfg = Release|Any CPU
		{4316EEE6-492E-407C-AAF2-804779D1D99E}.Release|Any CPU.Build.0 = Release|Any CPU
	EndGlobalSection
	GlobalSection(SolutionProperties) = preSolution
		HideSolutionNode = FALSE
	EndGlobalSection
	GlobalSection(ExtensibilityGlobals) = postSolution
		SolutionGuid = {1E39E281-F29F-474E-9841-371C25C1F9FF}
	EndGlobalSection
EndGlobal
